
Microsoft Visual Studio Solution File, Format Version 12.00
# Visual Studio 15
VisualStudioVersion = 15.0.28307.168
MinimumVisualStudioVersion = 10.0.40219.1
Project("{FAE04EC0-301F-11D3-BF4B-00C04F79EFBC}") = "Sales.Android", "Sales\Sales.Android\Sales.Android.csproj", "{DE2B7BF1-DFB3-4ED4-AE95-EC0CA726AAE1}"
EndProject
Project("{FAE04EC0-301F-11D3-BF4B-00C04F79EFBC}") = "Sales.iOS", "Sales\Sales.iOS\Sales.iOS.csproj", "{1A7CB156-A3B7-454B-988C-79B9BAB8F836}"
EndProject
Project("{FAE04EC0-301F-11D3-BF4B-00C04F79EFBC}") = "Sales", "Sales\Sales\Sales.csproj", "{AEFCB190-9201-436A-956E-5A2014594AAD}"
EndProject
Project("{FAE04EC0-301F-11D3-BF4B-00C04F79EFBC}") = "Sales.Backend", "Sales.Backend\Sales.Backend.csproj", "{9CDDF575-1E63-4244-ACA2-8BC9B01B81AD}"
EndProject
Project("{FAE04EC0-301F-11D3-BF4B-00C04F79EFBC}") = "Sales.Api", "Sales.Api\Sales.Api.csproj", "{0D8AAFF9-45AD-4EB7-AAB4-0507B9303F3A}"
EndProject
Project("{FAE04EC0-301F-11D3-BF4B-00C04F79EFBC}") = "Sales.Domain", "Sales.Domain\Sales.Domain.csproj", "{5FE97EC4-B718-4D0C-BA27-F812CB18D2B0}"
EndProject
Project("{FAE04EC0-301F-11D3-BF4B-00C04F79EFBC}") = "Sales.Common", "Sales.Common\Sales.Common.csproj", "{3ACE3B7E-E7BE-45B2-A2B7-91BC6414B487}"
EndProject
Global
	GlobalSection(SolutionConfigurationPlatforms) = preSolution
		Ad-Hoc|Any CPU = Ad-Hoc|Any CPU
		Ad-Hoc|iPhone = Ad-Hoc|iPhone
		Ad-Hoc|iPhoneSimulator = Ad-Hoc|iPhoneSimulator
		AppStore|Any CPU = AppStore|Any CPU
		AppStore|iPhone = AppStore|iPhone
		AppStore|iPhoneSimulator = AppStore|iPhoneSimulator
		Debug|Any CPU = Debug|Any CPU
		Debug|iPhone = Debug|iPhone
		Debug|iPhoneSimulator = Debug|iPhoneSimulator
		Release|Any CPU = Release|Any CPU
		Release|iPhone = Release|iPhone
		Release|iPhoneSimulator = Release|iPhoneSimulator
	EndGlobalSection
	GlobalSection(ProjectConfigurationPlatforms) = postSolution
		{DE2B7BF1-DFB3-4ED4-AE95-EC0CA726AAE1}.Ad-Hoc|Any CPU.ActiveCfg = Release|Any CPU
		{DE2B7BF1-DFB3-4ED4-AE95-EC0CA726AAE1}.Ad-Hoc|Any CPU.Build.0 = Release|Any CPU
		{DE2B7BF1-DFB3-4ED4-AE95-EC0CA726AAE1}.Ad-Hoc|Any CPU.Deploy.0 = Release|Any CPU
		{DE2B7BF1-DFB3-4ED4-AE95-EC0CA726AAE1}.Ad-Hoc|iPhone.ActiveCfg = Release|Any CPU
		{DE2B7BF1-DFB3-4ED4-AE95-EC0CA726AAE1}.Ad-Hoc|iPhone.Build.0 = Release|Any CPU
		{DE2B7BF1-DFB3-4ED4-AE95-EC0CA726AAE1}.Ad-Hoc|iPhone.Deploy.0 = Release|Any CPU
		{DE2B7BF1-DFB3-4ED4-AE95-EC0CA726AAE1}.Ad-Hoc|iPhoneSimulator.ActiveCfg = Release|Any CPU
		{DE2B7BF1-DFB3-4ED4-AE95-EC0CA726AAE1}.Ad-Hoc|iPhoneSimulator.Build.0 = Release|Any CPU
		{DE2B7BF1-DFB3-4ED4-AE95-EC0CA726AAE1}.Ad-Hoc|iPhoneSimulator.Deploy.0 = Release|Any CPU
		{DE2B7BF1-DFB3-4ED4-AE95-EC0CA726AAE1}.AppStore|Any CPU.ActiveCfg = Release|Any CPU
		{DE2B7BF1-DFB3-4ED4-AE95-EC0CA726AAE1}.AppStore|Any CPU.Build.0 = Release|Any CPU
		{DE2B7BF1-DFB3-4ED4-AE95-EC0CA726AAE1}.AppStore|Any CPU.Deploy.0 = Release|Any CPU
		{DE2B7BF1-DFB3-4ED4-AE95-EC0CA726AAE1}.AppStore|iPhone.ActiveCfg = Release|Any CPU
		{DE2B7BF1-DFB3-4ED4-AE95-EC0CA726AAE1}.AppStore|iPhone.Build.0 = Release|Any CPU
		{DE2B7BF1-DFB3-4ED4-AE95-EC0CA726AAE1}.AppStore|iPhone.Deploy.0 = Release|Any CPU
		{DE2B7BF1-DFB3-4ED4-AE95-EC0CA726AAE1}.AppStore|iPhoneSimulator.ActiveCfg = Release|Any CPU
		{DE2B7BF1-DFB3-4ED4-AE95-EC0CA726AAE1}.AppStore|iPhoneSimulator.Build.0 = Release|Any CPU
		{DE2B7BF1-DFB3-4ED4-AE95-EC0CA726AAE1}.AppStore|iPhoneSimulator.Deploy.0 = Release|Any CPU
		{DE2B7BF1-DFB3-4ED4-AE95-EC0CA726AAE1}.Debug|Any CPU.ActiveCfg = Debug|Any CPU
		{DE2B7BF1-DFB3-4ED4-AE95-EC0CA726AAE1}.Debug|Any CPU.Build.0 = Debug|Any CPU
		{DE2B7BF1-DFB3-4ED4-AE95-EC0CA726AAE1}.Debug|Any CPU.Deploy.0 = Debug|Any CPU
		{DE2B7BF1-DFB3-4ED4-AE95-EC0CA726AAE1}.Debug|iPhone.ActiveCfg = Debug|Any CPU
		{DE2B7BF1-DFB3-4ED4-AE95-EC0CA726AAE1}.Debug|iPhone.Build.0 = Debug|Any CPU
		{DE2B7BF1-DFB3-4ED4-AE95-EC0CA726AAE1}.Debug|iPhone.Deploy.0 = Debug|Any CPU
		{DE2B7BF1-DFB3-4ED4-AE95-EC0CA726AAE1}.Debug|iPhoneSimulator.ActiveCfg = Debug|Any CPU
		{DE2B7BF1-DFB3-4ED4-AE95-EC0CA726AAE1}.Debug|iPhoneSimulator.Build.0 = Debug|Any CPU
		{DE2B7BF1-DFB3-4ED4-AE95-EC0CA726AAE1}.Debug|iPhoneSimulator.Deploy.0 = Debug|Any CPU
		{DE2B7BF1-DFB3-4ED4-AE95-EC0CA726AAE1}.Release|Any CPU.ActiveCfg = Release|Any CPU
		{DE2B7BF1-DFB3-4ED4-AE95-EC0CA726AAE1}.Release|Any CPU.Build.0 = Release|Any CPU
		{DE2B7BF1-DFB3-4ED4-AE95-EC0CA726AAE1}.Release|Any CPU.Deploy.0 = Release|Any CPU
		{DE2B7BF1-DFB3-4ED4-AE95-EC0CA726AAE1}.Release|iPhone.ActiveCfg = Release|Any CPU
		{DE2B7BF1-DFB3-4ED4-AE95-EC0CA726AAE1}.Release|iPhone.Build.0 = Release|Any CPU
		{DE2B7BF1-DFB3-4ED4-AE95-EC0CA726AAE1}.Release|iPhone.Deploy.0 = Release|Any CPU
		{DE2B7BF1-DFB3-4ED4-AE95-EC0CA726AAE1}.Release|iPhoneSimulator.ActiveCfg = Release|Any CPU
		{DE2B7BF1-DFB3-4ED4-AE95-EC0CA726AAE1}.Release|iPhoneSimulator.Build.0 = Release|Any CPU
		{DE2B7BF1-DFB3-4ED4-AE95-EC0CA726AAE1}.Release|iPhoneSimulator.Deploy.0 = Release|Any CPU
		{1A7CB156-A3B7-454B-988C-79B9BAB8F836}.Ad-Hoc|Any CPU.ActiveCfg = Ad-Hoc|iPhone
		{1A7CB156-A3B7-454B-988C-79B9BAB8F836}.Ad-Hoc|Any CPU.Build.0 = Ad-Hoc|iPhone
		{1A7CB156-A3B7-454B-988C-79B9BAB8F836}.Ad-Hoc|Any CPU.Deploy.0 = Ad-Hoc|iPhone
		{1A7CB156-A3B7-454B-988C-79B9BAB8F836}.Ad-Hoc|iPhone.ActiveCfg = Ad-Hoc|iPhone
		{1A7CB156-A3B7-454B-988C-79B9BAB8F836}.Ad-Hoc|iPhone.Build.0 = Ad-Hoc|iPhone
		{1A7CB156-A3B7-454B-988C-79B9BAB8F836}.Ad-Hoc|iPhone.Deploy.0 = Ad-Hoc|iPhone
		{1A7CB156-A3B7-454B-988C-79B9BAB8F836}.Ad-Hoc|iPhoneSimulator.ActiveCfg = Ad-Hoc|iPhoneSimulator
		{1A7CB156-A3B7-454B-988C-79B9BAB8F836}.Ad-Hoc|iPhoneSimulator.Build.0 = Ad-Hoc|iPhoneSimulator
		{1A7CB156-A3B7-454B-988C-79B9BAB8F836}.Ad-Hoc|iPhoneSimulator.Deploy.0 = Ad-Hoc|iPhoneSimulator
		{1A7CB156-A3B7-454B-988C-79B9BAB8F836}.AppStore|Any CPU.ActiveCfg = AppStore|iPhone
		{1A7CB156-A3B7-454B-988C-79B9BAB8F836}.AppStore|Any CPU.Build.0 = AppStore|iPhone
		{1A7CB156-A3B7-454B-988C-79B9BAB8F836}.AppStore|Any CPU.Deploy.0 = AppStore|iPhone
		{1A7CB156-A3B7-454B-988C-79B9BAB8F836}.AppStore|iPhone.ActiveCfg = AppStore|iPhone
		{1A7CB156-A3B7-454B-988C-79B9BAB8F836}.AppStore|iPhone.Build.0 = AppStore|iPhone
		{1A7CB156-A3B7-454B-988C-79B9BAB8F836}.AppStore|iPhone.Deploy.0 = AppStore|iPhone
		{1A7CB156-A3B7-454B-988C-79B9BAB8F836}.AppStore|iPhoneSimulator.ActiveCfg = AppStore|iPhoneSimulator
		{1A7CB156-A3B7-454B-988C-79B9BAB8F836}.AppStore|iPhoneSimulator.Build.0 = AppStore|iPhoneSimulator
		{1A7CB156-A3B7-454B-988C-79B9BAB8F836}.AppStore|iPhoneSimulator.Deploy.0 = AppStore|iPhoneSimulator
		{1A7CB156-A3B7-454B-988C-79B9BAB8F836}.Debug|Any CPU.ActiveCfg = Debug|iPhoneSimulator
		{1A7CB156-A3B7-454B-988C-79B9BAB8F836}.Debug|Any CPU.Build.0 = Debug|iPhoneSimulator
		{1A7CB156-A3B7-454B-988C-79B9BAB8F836}.Debug|Any CPU.Deploy.0 = Debug|iPhoneSimulator
		{1A7CB156-A3B7-454B-988C-79B9BAB8F836}.Debug|iPhone.ActiveCfg = Debug|iPhone
		{1A7CB156-A3B7-454B-988C-79B9BAB8F836}.Debug|iPhone.Build.0 = Debug|iPhone
		{1A7CB156-A3B7-454B-988C-79B9BAB8F836}.Debug|iPhone.Deploy.0 = Debug|iPhone
		{1A7CB156-A3B7-454B-988C-79B9BAB8F836}.Debug|iPhoneSimulator.ActiveCfg = Debug|iPhoneSimulator
		{1A7CB156-A3B7-454B-988C-79B9BAB8F836}.Debug|iPhoneSimulator.Build.0 = Debug|iPhoneSimulator
		{1A7CB156-A3B7-454B-988C-79B9BAB8F836}.Debug|iPhoneSimulator.Deploy.0 = Debug|iPhoneSimulator
		{1A7CB156-A3B7-454B-988C-79B9BAB8F836}.Release|Any CPU.ActiveCfg = Release|iPhone
		{1A7CB156-A3B7-454B-988C-79B9BAB8F836}.Release|Any CPU.Build.0 = Release|iPhone
		{1A7CB156-A3B7-454B-988C-79B9BAB8F836}.Release|Any CPU.Deploy.0 = Release|iPhone
		{1A7CB156-A3B7-454B-988C-79B9BAB8F836}.Release|iPhone.ActiveCfg = Release|iPhone
		{1A7CB156-A3B7-454B-988C-79B9BAB8F836}.Release|iPhone.Build.0 = Release|iPhone
		{1A7CB156-A3B7-454B-988C-79B9BAB8F836}.Release|iPhone.Deploy.0 = Release|iPhone
		{1A7CB156-A3B7-454B-988C-79B9BAB8F836}.Release|iPhoneSimulator.ActiveCfg = Release|iPhoneSimulator
		{1A7CB156-A3B7-454B-988C-79B9BAB8F836}.Release|iPhoneSimulator.Build.0 = Release|iPhoneSimulator
		{1A7CB156-A3B7-454B-988C-79B9BAB8F836}.Release|iPhoneSimulator.Deploy.0 = Release|iPhoneSimulator
		{AEFCB190-9201-436A-956E-5A2014594AAD}.Ad-Hoc|Any CPU.ActiveCfg = Debug|Any CPU
		{AEFCB190-9201-436A-956E-5A2014594AAD}.Ad-Hoc|Any CPU.Build.0 = Debug|Any CPU
		{AEFCB190-9201-436A-956E-5A2014594AAD}.Ad-Hoc|Any CPU.Deploy.0 = Debug|Any CPU
		{AEFCB190-9201-436A-956E-5A2014594AAD}.Ad-Hoc|iPhone.ActiveCfg = Debug|Any CPU
		{AEFCB190-9201-436A-956E-5A2014594AAD}.Ad-Hoc|iPhone.Build.0 = Debug|Any CPU
		{AEFCB190-9201-436A-956E-5A2014594AAD}.Ad-Hoc|iPhone.Deploy.0 = Debug|Any CPU
		{AEFCB190-9201-436A-956E-5A2014594AAD}.Ad-Hoc|iPhoneSimulator.ActiveCfg = Debug|Any CPU
		{AEFCB190-9201-436A-956E-5A2014594AAD}.Ad-Hoc|iPhoneSimulator.Build.0 = Debug|Any CPU
		{AEFCB190-9201-436A-956E-5A2014594AAD}.Ad-Hoc|iPhoneSimulator.Deploy.0 = Debug|Any CPU
		{AEFCB190-9201-436A-956E-5A2014594AAD}.AppStore|Any CPU.ActiveCfg = Debug|Any CPU
		{AEFCB190-9201-436A-956E-5A2014594AAD}.AppStore|Any CPU.Build.0 = Debug|Any CPU
		{AEFCB190-9201-436A-956E-5A2014594AAD}.AppStore|Any CPU.Deploy.0 = Debug|Any CPU
		{AEFCB190-9201-436A-956E-5A2014594AAD}.AppStore|iPhone.ActiveCfg = Debug|Any CPU
		{AEFCB190-9201-436A-956E-5A2014594AAD}.AppStore|iPhone.Build.0 = Debug|Any CPU
		{AEFCB190-9201-436A-956E-5A2014594AAD}.AppStore|iPhone.Deploy.0 = Debug|Any CPU
		{AEFCB190-9201-436A-956E-5A2014594AAD}.AppStore|iPhoneSimulator.ActiveCfg = Debug|Any CPU
		{AEFCB190-9201-436A-956E-5A2014594AAD}.AppStore|iPhoneSimulator.Build.0 = Debug|Any CPU
		{AEFCB190-9201-436A-956E-5A2014594AAD}.AppStore|iPhoneSimulator.Deploy.0 = Debug|Any CPU
		{AEFCB190-9201-436A-956E-5A2014594AAD}.Debug|Any CPU.ActiveCfg = Debug|Any CPU
		{AEFCB190-9201-436A-956E-5A2014594AAD}.Debug|Any CPU.Build.0 = Debug|Any CPU
		{AEFCB190-9201-436A-956E-5A2014594AAD}.Debug|Any CPU.Deploy.0 = Debug|Any CPU
		{AEFCB190-9201-436A-956E-5A2014594AAD}.Debug|iPhone.ActiveCfg = Debug|Any CPU
		{AEFCB190-9201-436A-956E-5A2014594AAD}.Debug|iPhone.Build.0 = Debug|Any CPU
		{AEFCB190-9201-436A-956E-5A2014594AAD}.Debug|iPhone.Deploy.0 = Debug|Any CPU
		{AEFCB190-9201-436A-956E-5A2014594AAD}.Debug|iPhoneSimulator.ActiveCfg = Debug|Any CPU
		{AEFCB190-9201-436A-956E-5A2014594AAD}.Debug|iPhoneSimulator.Build.0 = Debug|Any CPU
		{AEFCB190-9201-436A-956E-5A2014594AAD}.Debug|iPhoneSimulator.Deploy.0 = Debug|Any CPU
		{AEFCB190-9201-436A-956E-5A2014594AAD}.Release|Any CPU.ActiveCfg = Release|Any CPU
		{AEFCB190-9201-436A-956E-5A2014594AAD}.Release|Any CPU.Build.0 = Release|Any CPU
		{AEFCB190-9201-436A-956E-5A2014594AAD}.Release|Any CPU.Deploy.0 = Release|Any CPU
		{AEFCB190-9201-436A-956E-5A2014594AAD}.Release|iPhone.ActiveCfg = Release|Any CPU
		{AEFCB190-9201-436A-956E-5A2014594AAD}.Release|iPhone.Build.0 = Release|Any CPU
		{AEFCB190-9201-436A-956E-5A2014594AAD}.Release|iPhone.Deploy.0 = Release|Any CPU
		{AEFCB190-9201-436A-956E-5A2014594AAD}.Release|iPhoneSimulator.ActiveCfg = Release|Any CPU
		{AEFCB190-9201-436A-956E-5A2014594AAD}.Release|iPhoneSimulator.Build.0 = Release|Any CPU
		{AEFCB190-9201-436A-956E-5A2014594AAD}.Release|iPhoneSimulator.Deploy.0 = Release|Any CPU
		{9CDDF575-1E63-4244-ACA2-8BC9B01B81AD}.Ad-Hoc|Any CPU.ActiveCfg = Release|Any CPU
		{9CDDF575-1E63-4244-ACA2-8BC9B01B81AD}.Ad-Hoc|Any CPU.Build.0 = Release|Any CPU
		{9CDDF575-1E63-4244-ACA2-8BC9B01B81AD}.Ad-Hoc|iPhone.ActiveCfg = Release|Any CPU
		{9CDDF575-1E63-4244-ACA2-8BC9B01B81AD}.Ad-Hoc|iPhone.Build.0 = Release|Any CPU
		{9CDDF575-1E63-4244-ACA2-8BC9B01B81AD}.Ad-Hoc|iPhoneSimulator.ActiveCfg = Release|Any CPU
		{9CDDF575-1E63-4244-ACA2-8BC9B01B81AD}.Ad-Hoc|iPhoneSimulator.Build.0 = Release|Any CPU
		{9CDDF575-1E63-4244-ACA2-8BC9B01B81AD}.AppStore|Any CPU.ActiveCfg = Release|Any CPU
		{9CDDF575-1E63-4244-ACA2-8BC9B01B81AD}.AppStore|Any CPU.Build.0 = Release|Any CPU
		{9CDDF575-1E63-4244-ACA2-8BC9B01B81AD}.AppStore|iPhone.ActiveCfg = Release|Any CPU
		{9CDDF575-1E63-4244-ACA2-8BC9B01B81AD}.AppStore|iPhone.Build.0 = Release|Any CPU
		{9CDDF575-1E63-4244-ACA2-8BC9B01B81AD}.AppStore|iPhoneSimulator.ActiveCfg = Release|Any CPU
		{9CDDF575-1E63-4244-ACA2-8BC9B01B81AD}.AppStore|iPhoneSimulator.Build.0 = Release|Any CPU
		{9CDDF575-1E63-4244-ACA2-8BC9B01B81AD}.Debug|Any CPU.ActiveCfg = Debug|Any CPU
		{9CDDF575-1E63-4244-ACA2-8BC9B01B81AD}.Debug|Any CPU.Build.0 = Debug|Any CPU
		{9CDDF575-1E63-4244-ACA2-8BC9B01B81AD}.Debug|iPhone.ActiveCfg = Debug|Any CPU
		{9CDDF575-1E63-4244-ACA2-8BC9B01B81AD}.Debug|iPhone.Build.0 = Debug|Any CPU
		{9CDDF575-1E63-4244-ACA2-8BC9B01B81AD}.Debug|iPhoneSimulator.ActiveCfg = Debug|Any CPU
		{9CDDF575-1E63-4244-ACA2-8BC9B01B81AD}.Debug|iPhoneSimulator.Build.0 = Debug|Any CPU
		{9CDDF575-1E63-4244-ACA2-8BC9B01B81AD}.Release|Any CPU.ActiveCfg = Release|Any CPU
		{9CDDF575-1E63-4244-ACA2-8BC9B01B81AD}.Release|Any CPU.Build.0 = Release|Any CPU
		{9CDDF575-1E63-4244-ACA2-8BC9B01B81AD}.Release|iPhone.ActiveCfg = Release|Any CPU
		{9CDDF575-1E63-4244-ACA2-8BC9B01B81AD}.Release|iPhone.Build.0 = Release|Any CPU
		{9CDDF575-1E63-4244-ACA2-8BC9B01B81AD}.Release|iPhoneSimulator.ActiveCfg = Release|Any CPU
		{9CDDF575-1E63-4244-ACA2-8BC9B01B81AD}.Release|iPhoneSimulator.Build.0 = Release|Any CPU
		{0D8AAFF9-45AD-4EB7-AAB4-0507B9303F3A}.Ad-Hoc|Any CPU.ActiveCfg = Release|Any CPU
		{0D8AAFF9-45AD-4EB7-AAB4-0507B9303F3A}.Ad-Hoc|Any CPU.Build.0 = Release|Any CPU
		{0D8AAFF9-45AD-4EB7-AAB4-0507B9303F3A}.Ad-Hoc|iPhone.ActiveCfg = Release|Any CPU
		{0D8AAFF9-45AD-4EB7-AAB4-0507B9303F3A}.Ad-Hoc|iPhone.Build.0 = Release|Any CPU
		{0D8AAFF9-45AD-4EB7-AAB4-0507B9303F3A}.Ad-Hoc|iPhoneSimulator.ActiveCfg = Release|Any CPU
		{0D8AAFF9-45AD-4EB7-AAB4-0507B9303F3A}.Ad-Hoc|iPhoneSimulator.Build.0 = Release|Any CPU
		{0D8AAFF9-45AD-4EB7-AAB4-0507B9303F3A}.AppStore|Any CPU.ActiveCfg = Release|Any CPU
		{0D8AAFF9-45AD-4EB7-AAB4-0507B9303F3A}.AppStore|Any CPU.Build.0 = Release|Any CPU
		{0D8AAFF9-45AD-4EB7-AAB4-0507B9303F3A}.AppStore|iPhone.ActiveCfg = Release|Any CPU
		{0D8AAFF9-45AD-4EB7-AAB4-0507B9303F3A}.AppStore|iPhone.Build.0 = Release|Any CPU
		{0D8AAFF9-45AD-4EB7-AAB4-0507B9303F3A}.AppStore|iPhoneSimulator.ActiveCfg = Release|Any CPU
		{0D8AAFF9-45AD-4EB7-AAB4-0507B9303F3A}.AppStore|iPhoneSimulator.Build.0 = Release|Any CPU
		{0D8AAFF9-45AD-4EB7-AAB4-0507B9303F3A}.Debug|Any CPU.ActiveCfg = Debug|Any CPU
		{0D8AAFF9-45AD-4EB7-AAB4-0507B9303F3A}.Debug|Any CPU.Build.0 = Debug|Any CPU
		{0D8AAFF9-45AD-4EB7-AAB4-0507B9303F3A}.Debug|iPhone.ActiveCfg = Debug|Any CPU
		{0D8AAFF9-45AD-4EB7-AAB4-0507B9303F3A}.Debug|iPhone.Build.0 = Debug|Any CPU
		{0D8AAFF9-45AD-4EB7-AAB4-0507B9303F3A}.Debug|iPhoneSimulator.ActiveCfg = Debug|Any CPU
		{0D8AAFF9-45AD-4EB7-AAB4-0507B9303F3A}.Debug|iPhoneSimulator.Build.0 = Debug|Any CPU
		{0D8AAFF9-45AD-4EB7-AAB4-0507B9303F3A}.Release|Any CPU.ActiveCfg = Release|Any CPU
		{0D8AAFF9-45AD-4EB7-AAB4-0507B9303F3A}.Release|Any CPU.Build.0 = Release|Any CPU
		{0D8AAFF9-45AD-4EB7-AAB4-0507B9303F3A}.Release|iPhone.ActiveCfg = Release|Any CPU
		{0D8AAFF9-45AD-4EB7-AAB4-0507B9303F3A}.Release|iPhone.Build.0 = Release|Any CPU
		{0D8AAFF9-45AD-4EB7-AAB4-0507B9303F3A}.Release|iPhoneSimulator.ActiveCfg = Release|Any CPU
		{0D8AAFF9-45AD-4EB7-AAB4-0507B9303F3A}.Release|iPhoneSimulator.Build.0 = Release|Any CPU
		{5FE97EC4-B718-4D0C-BA27-F812CB18D2B0}.Ad-Hoc|Any CPU.ActiveCfg = Release|Any CPU
		{5FE97EC4-B718-4D0C-BA27-F812CB18D2B0}.Ad-Hoc|Any CPU.Build.0 = Release|Any CPU
		{5FE97EC4-B718-4D0C-BA27-F812CB18D2B0}.Ad-Hoc|iPhone.ActiveCfg = Release|Any CPU
		{5FE97EC4-B718-4D0C-BA27-F812CB18D2B0}.Ad-Hoc|iPhone.Build.0 = Release|Any CPU
		{5FE97EC4-B718-4D0C-BA27-F812CB18D2B0}.Ad-Hoc|iPhoneSimulator.ActiveCfg = Release|Any CPU
		{5FE97EC4-B718-4D0C-BA27-F812CB18D2B0}.Ad-Hoc|iPhoneSimulator.Build.0 = Release|Any CPU
		{5FE97EC4-B718-4D0C-BA27-F812CB18D2B0}.AppStore|Any CPU.ActiveCfg = Release|Any CPU
		{5FE97EC4-B718-4D0C-BA27-F812CB18D2B0}.AppStore|Any CPU.Build.0 = Release|Any CPU
		{5FE97EC4-B718-4D0C-BA27-F812CB18D2B0}.AppStore|iPhone.ActiveCfg = Release|Any CPU
		{5FE97EC4-B718-4D0C-BA27-F812CB18D2B0}.AppStore|iPhone.Build.0 = Release|Any CPU
		{5FE97EC4-B718-4D0C-BA27-F812CB18D2B0}.AppStore|iPhoneSimulator.ActiveCfg = Release|Any CPU
		{5FE97EC4-B718-4D0C-BA27-F812CB18D2B0}.AppStore|iPhoneSimulator.Build.0 = Release|Any CPU
		{5FE97EC4-B718-4D0C-BA27-F812CB18D2B0}.Debug|Any CPU.ActiveCfg = Debug|Any CPU
		{5FE97EC4-B718-4D0C-BA27-F812CB18D2B0}.Debug|Any CPU.Build.0 = Debug|Any CPU
		{5FE97EC4-B718-4D0C-BA27-F812CB18D2B0}.Debug|iPhone.ActiveCfg = Debug|Any CPU
		{5FE97EC4-B718-4D0C-BA27-F812CB18D2B0}.Debug|iPhone.Build.0 = Debug|Any CPU
		{5FE97EC4-B718-4D0C-BA27-F812CB18D2B0}.Debug|iPhoneSimulator.ActiveCfg = Debug|Any CPU
		{5FE97EC4-B718-4D0C-BA27-F812CB18D2B0}.Debug|iPhoneSimulator.Build.0 = Debug|Any CPU
		{5FE97EC4-B718-4D0C-BA27-F812CB18D2B0}.Release|Any CPU.ActiveCfg = Release|Any CPU
		{5FE97EC4-B718-4D0C-BA27-F812CB18D2B0}.Release|Any CPU.Build.0 = Release|Any CPU
		{5FE97EC4-B718-4D0C-BA27-F812CB18D2B0}.Release|iPhone.ActiveCfg = Release|Any CPU
		{5FE97EC4-B718-4D0C-BA27-F812CB18D2B0}.Release|iPhone.Build.0 = Release|Any CPU
		{5FE97EC4-B718-4D0C-BA27-F812CB18D2B0}.Release|iPhoneSimulator.ActiveCfg = Release|Any CPU
		{5FE97EC4-B718-4D0C-BA27-F812CB18D2B0}.Release|iPhoneSimulator.Build.0 = Release|Any CPU
		{3ACE3B7E-E7BE-45B2-A2B7-91BC6414B487}.Ad-Hoc|Any CPU.ActiveCfg = Release|Any CPU
		{3ACE3B7E-E7BE-45B2-A2B7-91BC6414B487}.Ad-Hoc|Any CPU.Build.0 = Release|Any CPU
		{3ACE3B7E-E7BE-45B2-A2B7-91BC6414B487}.Ad-Hoc|iPhone.ActiveCfg = Release|Any CPU
		{3ACE3B7E-E7BE-45B2-A2B7-91BC6414B487}.Ad-Hoc|iPhone.Build.0 = Release|Any CPU
		{3ACE3B7E-E7BE-45B2-A2B7-91BC6414B487}.Ad-Hoc|iPhoneSimulator.ActiveCfg = Release|Any CPU
		{3ACE3B7E-E7BE-45B2-A2B7-91BC6414B487}.Ad-Hoc|iPhoneSimulator.Build.0 = Release|Any CPU
		{3ACE3B7E-E7BE-45B2-A2B7-91BC6414B487}.AppStore|Any CPU.ActiveCfg = Release|Any CPU
		{3ACE3B7E-E7BE-45B2-A2B7-91BC6414B487}.AppStore|Any CPU.Build.0 = Release|Any CPU
		{3ACE3B7E-E7BE-45B2-A2B7-91BC6414B487}.AppStore|iPhone.ActiveCfg = Release|Any CPU
		{3ACE3B7E-E7BE-45B2-A2B7-91BC6414B487}.AppStore|iPhone.Build.0 = Release|Any CPU
		{3ACE3B7E-E7BE-45B2-A2B7-91BC6414B487}.AppStore|iPhoneSimulator.ActiveCfg = Release|Any CPU
		{3ACE3B7E-E7BE-45B2-A2B7-91BC6414B487}.AppStore|iPhoneSimulator.Build.0 = Release|Any CPU
		{3ACE3B7E-E7BE-45B2-A2B7-91BC6414B487}.Debug|Any CPU.ActiveCfg = Debug|Any CPU
		{3ACE3B7E-E7BE-45B2-A2B7-91BC6414B487}.Debug|Any CPU.Build.0 = Debug|Any CPU
		{3ACE3B7E-E7BE-45B2-A2B7-91BC6414B487}.Debug|iPhone.ActiveCfg = Debug|Any CPU
		{3ACE3B7E-E7BE-45B2-A2B7-91BC6414B487}.Debug|iPhone.Build.0 = Debug|Any CPU
		{3ACE3B7E-E7BE-45B2-A2B7-91BC6414B487}.Debug|iPhoneSimulator.ActiveCfg = Debug|Any CPU
		{3ACE3B7E-E7BE-45B2-A2B7-91BC6414B487}.Debug|iPhoneSimulator.Build.0 = Debug|Any CPU
		{3ACE3B7E-E7BE-45B2-A2B7-91BC6414B487}.Release|Any CPU.ActiveCfg = Release|Any CPU
		{3ACE3B7E-E7BE-45B2-A2B7-91BC6414B487}.Release|Any CPU.Build.0 = Release|Any CPU
		{3ACE3B7E-E7BE-45B2-A2B7-91BC6414B487}.Release|iPhone.ActiveCfg = Release|Any CPU
		{3ACE3B7E-E7BE-45B2-A2B7-91BC6414B487}.Release|iPhone.Build.0 = Release|Any CPU
		{3ACE3B7E-E7BE-45B2-A2B7-91BC6414B487}.Release|iPhoneSimulator.ActiveCfg = Release|Any CPU
		{3ACE3B7E-E7BE-45B2-A2B7-91BC6414B487}.Release|iPhoneSimulator.Build.0 = Release|Any CPU
	EndGlobalSection
	GlobalSection(SolutionProperties) = preSolution
		HideSolutionNode = FALSE
	EndGlobalSection
	GlobalSection(ExtensibilityGlobals) = postSolution
		SolutionGuid = {63214A95-9D56-409B-8A1E-F8854EB43BD0}
	EndGlobalSection
EndGlobal
